# Generated by move; do not edit
# This file should be checked in.

[move]
version = 4

[pinned.testnet.MoveStdlib]
source = { git = "https://github.com/MystenLabs/sui.git", subdir = "crates/sui-framework/packages/move-stdlib", rev = "0def7a08f11a2ec992e11123c5f5ac5e0279e0a0" }
use_environment = "testnet"
manifest_digest = "C4FE4C91DE74CBF223B2E380AE40F592177D21870DC2D7EB6227D2D694E05363"
deps = {}

[pinned.testnet.Sui]
source = { git = "https://github.com/MystenLabs/sui.git", subdir = "crates/sui-framework/packages/sui-framework", rev = "0def7a08f11a2ec992e11123c5f5ac5e0279e0a0" }
use_environment = "testnet"
manifest_digest = "7AFB66695545775FBFBB2D3078ADFD084244D5002392E837FDE21D9EA1C6D01C"
deps = { MoveStdlib = "MoveStdlib" }

[pinned.testnet.WAL]
source = { local = "../wal" }
use_environment = "testnet"
manifest_digest = "10A5AA7AF0451AE6E1E63E5C89F6B4282C269144816E4710C49EF07BF711762E"
deps = { Sui = "Sui" }

[pinned.testnet.WAL_exchange]
source = { root = true }
use_environment = "testnet"
manifest_digest = "E2D4EF066275BBA6F3EA7471EC71C8542E0A3FB808E9F9E1B5873D8B650744FC"
deps = { Sui = "Sui", WAL = "WAL" }
