# Generated by move; do not edit
# This file should be checked in.

[move]
version = 4

[pinned.testnet.MoveStdlib]
source = { git = "https://github.com/MystenLabs/sui.git", subdir = "crates/sui-framework/packages/move-stdlib", rev = "bf0c491c17b83a69df85f0e82fd55515484d585a" }
use_environment = "testnet"
manifest_digest = "C4FE4C91DE74CBF223B2E380AE40F592177D21870DC2D7EB6227D2D694E05363"
deps = {}

[pinned.testnet.Sui]
source = { git = "https://github.com/MystenLabs/sui.git", subdir = "crates/sui-framework/packages/sui-framework", rev = "bf0c491c17b83a69df85f0e82fd55515484d585a" }
use_environment = "testnet"
manifest_digest = "7AFB66695545775FBFBB2D3078ADFD084244D5002392E837FDE21D9EA1C6D01C"
deps = { MoveStdlib = "MoveStdlib" }

[pinned.testnet.wal]
source = { local = "../wal" }
use_environment = "testnet"
manifest_digest = "71240142DEC5E8B3DC3AEFAB14AC6FAB4E2E3AF8F98A751A90825F27C103D409"
deps = { std = "MoveStdlib", sui = "Sui" }

[pinned.testnet.walrus]
source = { root = true }
use_environment = "testnet"
manifest_digest = "0D48BB60EFEE9EAE4F2CEBCFEFA242D01B041A0A98D6E682CFB13B669D3AB0EB"
deps = { std = "MoveStdlib", sui = "Sui", wal = "wal" }
