# Generated by move; do not edit
# This file should be checked in.

[move]
version = 4

[pinned.testnet.MoveStdlib]
source = { git = "https://github.com/MystenLabs/sui.git", subdir = "crates/sui-framework/packages/move-stdlib", rev = "671ba71e69c711ded76a11ef90297c4f2d5ac474" }
use_environment = "testnet"
manifest_digest = "C4FE4C91DE74CBF223B2E380AE40F592177D21870DC2D7EB6227D2D694E05363"
deps = {}

[pinned.testnet.Sui]
source = { git = "https://github.com/MystenLabs/sui.git", subdir = "crates/sui-framework/packages/sui-framework", rev = "671ba71e69c711ded76a11ef90297c4f2d5ac474" }
use_environment = "testnet"
manifest_digest = "7AFB66695545775FBFBB2D3078ADFD084244D5002392E837FDE21D9EA1C6D01C"
deps = { MoveStdlib = "MoveStdlib" }

[pinned.testnet.wal]
source = { root = true }
use_environment = "testnet"
manifest_digest = "8EED51BBAA621C20998FE3C7C120ACE8105AF4240BFD1BC5BA2F21E3E9651437"
deps = { std = "MoveStdlib", sui = "Sui" }
