# Generated by move; do not edit
# This file should be checked in.

[move]
version = 4

[pinned.testnet.MoveStdlib]
source = { git = "https://github.com/MystenLabs/sui.git", subdir = "crates/sui-framework/packages/move-stdlib", rev = "8fc60f1fa966e90398c93beb67ad4f42992889c7" }
use_environment = "testnet"
manifest_digest = "C4FE4C91DE74CBF223B2E380AE40F592177D21870DC2D7EB6227D2D694E05363"
deps = {}

[pinned.testnet.Sui]
source = { git = "https://github.com/MystenLabs/sui.git", subdir = "crates/sui-framework/packages/sui-framework", rev = "8fc60f1fa966e90398c93beb67ad4f42992889c7" }
use_environment = "testnet"
manifest_digest = "7AFB66695545775FBFBB2D3078ADFD084244D5002392E837FDE21D9EA1C6D01C"
deps = { MoveStdlib = "MoveStdlib" }

[pinned.testnet.blob_bucket]
source = { root = true }
use_environment = "testnet"
manifest_digest = "F34B926986F107D74EB8896ED944A8F1B3EE02A0E6DCF5D7865DBFC6DD3EDD3E"
deps = { std = "MoveStdlib", sui = "Sui", wal = "wal", walrus = "walrus" }

[pinned.testnet.wal]
source = { local = "../wal" }
use_environment = "testnet"
manifest_digest = "0B882972C965B8BB6AC6D748E7737AB4D84D3AB30672AA4F949434234297D9CA"
deps = { std = "MoveStdlib", sui = "Sui" }

[pinned.testnet.walrus]
source = { local = "../walrus" }
use_environment = "testnet"
manifest_digest = "948E612C640B5C9F16B805EBAD390EBF6A68346BFC22F0DEDF30DB784287260F"
deps = { std = "MoveStdlib", sui = "Sui", wal = "wal" }
