# Generated by move; do not edit
# This file should be checked in.

[move]
version = 4

[pinned.testnet.BlobBucket]
source = { root = true }
use_environment = "testnet"
manifest_digest = "4DFCEC3ACF986D8E07E6E26404C2735FEBE5CA7A746A0991415165D1796CE13E"
deps = { Sui = "Sui", WAL = "WAL", Walrus = "Walrus" }

[pinned.testnet.MoveStdlib]
source = { git = "https://github.com/MystenLabs/sui.git", subdir = "crates/sui-framework/packages/move-stdlib", rev = "4e8aa9ee8b307b294cc85baf7d08af1f432e3d93" }
use_environment = "testnet"
manifest_digest = "C4FE4C91DE74CBF223B2E380AE40F592177D21870DC2D7EB6227D2D694E05363"
deps = {}

[pinned.testnet.Sui]
source = { git = "https://github.com/MystenLabs/sui.git", subdir = "crates/sui-framework/packages/sui-framework", rev = "4e8aa9ee8b307b294cc85baf7d08af1f432e3d93" }
use_environment = "testnet"
manifest_digest = "7AFB66695545775FBFBB2D3078ADFD084244D5002392E837FDE21D9EA1C6D01C"
deps = { MoveStdlib = "MoveStdlib" }

[pinned.testnet.WAL]
source = { local = "../wal" }
use_environment = "testnet"
manifest_digest = "8472F8E6EF249B4ADA3FBCB042D6BABAB922AE4C80F08D227C05A766AF7ED0FA"
deps = { Sui = "Sui" }

[pinned.testnet.Walrus]
source = { local = "../walrus" }
use_environment = "testnet"
manifest_digest = "4B30DF6A85C68E29D86BFBEA9C2F0E719E5F2A26086CA42BC2CFA3E897F5F9A6"
deps = { Sui = "Sui", WAL = "WAL" }
